
Microsoft Visual Studio Solution File, Format Version 12.00
# Visual Studio 14
VisualStudioVersion = 14.0.25420.1
MinimumVisualStudioVersion = 10.0.40219.1
Project("{FAE04EC0-301F-11D3-BF4B-00C04F79EFBC}") = "Maskott.xAPI.Client", "Maskott.xAPI.Client\Maskott.xAPI.Client.csproj", "{03D89B4C-AADF-44FF-8AB8-232349168D1C}"
EndProject
Project("{FAE04EC0-301F-11D3-BF4B-00C04F79EFBC}") = "Maskott.xAPI.Client.Tests", "Maskott.xAPI.Client.Tests\Maskott.xAPI.Client.Tests.csproj", "{36D4E05B-106C-454C-B076-488FFAABA9A9}"
EndProject
Global
	GlobalSection(SolutionConfigurationPlatforms) = preSolution
		Debug|Any CPU = Debug|Any CPU
		Release|Any CPU = Release|Any CPU
	EndGlobalSection
	GlobalSection(ProjectConfigurationPlatforms) = postSolution
		{03D89B4C-AADF-44FF-8AB8-232349168D1C}.Debug|Any CPU.ActiveCfg = Debug|Any CPU
		{03D89B4C-AADF-44FF-8AB8-232349168D1C}.Debug|Any CPU.Build.0 = Debug|Any CPU
		{03D89B4C-AADF-44FF-8AB8-232349168D1C}.Release|Any CPU.ActiveCfg = Release|Any CPU
		{03D89B4C-AADF-44FF-8AB8-232349168D1C}.Release|Any CPU.Build.0 = Release|Any CPU
		{36D4E05B-106C-454C-B076-488FFAABA9A9}.Debug|Any CPU.ActiveCfg = Debug|Any CPU
		{36D4E05B-106C-454C-B076-488FFAABA9A9}.Debug|Any CPU.Build.0 = Debug|Any CPU
		{36D4E05B-106C-454C-B076-488FFAABA9A9}.Release|Any CPU.ActiveCfg = Release|Any CPU
		{36D4E05B-106C-454C-B076-488FFAABA9A9}.Release|Any CPU.Build.0 = Release|Any CPU
	EndGlobalSection
	GlobalSection(SolutionProperties) = preSolution
		HideSolutionNode = FALSE
	EndGlobalSection
EndGlobal
