
Microsoft Visual Studio Solution File, Format Version 12.00
# Visual Studio 15
VisualStudioVersion = 15.0.28010.2036
MinimumVisualStudioVersion = 10.0.40219.1
Project("{FAE04EC0-301F-11D3-BF4B-00C04F79EFBC}") = "xAPI.Client", "xAPI.Client\xAPI.Client.csproj", "{DE653D3A-985A-4A99-9228-220F17F796DC}"
EndProject
Project("{FAE04EC0-301F-11D3-BF4B-00C04F79EFBC}") = "xAPI.Client.Tests", "xAPI.Client.Tests\xAPI.Client.Tests.csproj", "{71ABDDBA-0EA0-469D-9142-7C02D1B4BAB1}"
EndProject
Global
	GlobalSection(SolutionConfigurationPlatforms) = preSolution
		Debug|Any CPU = Debug|Any CPU
		Release|Any CPU = Release|Any CPU
	EndGlobalSection
	GlobalSection(ProjectConfigurationPlatforms) = postSolution
		{DE653D3A-985A-4A99-9228-220F17F796DC}.Debug|Any CPU.ActiveCfg = Debug|Any CPU
		{DE653D3A-985A-4A99-9228-220F17F796DC}.Debug|Any CPU.Build.0 = Debug|Any CPU
		{DE653D3A-985A-4A99-9228-220F17F796DC}.Release|Any CPU.ActiveCfg = Release|Any CPU
		{DE653D3A-985A-4A99-9228-220F17F796DC}.Release|Any CPU.Build.0 = Release|Any CPU
		{71ABDDBA-0EA0-469D-9142-7C02D1B4BAB1}.Debug|Any CPU.ActiveCfg = Debug|Any CPU
		{71ABDDBA-0EA0-469D-9142-7C02D1B4BAB1}.Debug|Any CPU.Build.0 = Debug|Any CPU
		{71ABDDBA-0EA0-469D-9142-7C02D1B4BAB1}.Release|Any CPU.ActiveCfg = Release|Any CPU
		{71ABDDBA-0EA0-469D-9142-7C02D1B4BAB1}.Release|Any CPU.Build.0 = Release|Any CPU
	EndGlobalSection
	GlobalSection(SolutionProperties) = preSolution
		HideSolutionNode = FALSE
	EndGlobalSection
	GlobalSection(ExtensibilityGlobals) = postSolution
		SolutionGuid = {26749D09-DE7D-4648-AB31-08125BDCCEFA}
	EndGlobalSection
EndGlobal
